
Microsoft Visual Studio Solution File, Format Version 12.00
# Visual Studio Version 17
VisualStudioVersion = 17.10.35013.160
MinimumVisualStudioVersion = 10.0.40219.1
Project("{9A19103F-16F7-4668-BE54-9A1E7A4F7556}") = "CandidateApp.Domain", "CandidateApp.Domain\CandidateApp.Domain.csproj", "{E296333C-B83E-4033-9AFE-213F456660FA}"
EndProject
Project("{9A19103F-16F7-4668-BE54-9A1E7A4F7556}") = "CandidateApp.Infrastructure", "CandidateApp.Infrastructure\CandidateApp.Infrastructure.csproj", "{659407B7-6E51-4AC4-8708-DC4E57D73192}"
EndProject
Project("{9A19103F-16F7-4668-BE54-9A1E7A4F7556}") = "CandidateApp.Application", "CandidateApp.Application\CandidateApp.Application.csproj", "{D8C7305B-341F-4095-9321-518A2736369D}"
EndProject
Project("{9A19103F-16F7-4668-BE54-9A1E7A4F7556}") = "CandidateApp.API", "CandidateApp.API\CandidateApp.API.csproj", "{44A004CD-E537-4254-BBD0-3042155FB05D}"
EndProject
Project("{FAE04EC0-301F-11D3-BF4B-00C04F79EFBC}") = "CandidateApp.Tests", "CandidateApp.Tests\CandidateApp.Tests.csproj", "{9A979084-4EA9-4F01-AFCE-60E321751F2B}"
EndProject
Global
	GlobalSection(SolutionConfigurationPlatforms) = preSolution
		Debug|Any CPU = Debug|Any CPU
		Release|Any CPU = Release|Any CPU
	EndGlobalSection
	GlobalSection(ProjectConfigurationPlatforms) = postSolution
		{E296333C-B83E-4033-9AFE-213F456660FA}.Debug|Any CPU.ActiveCfg = Debug|Any CPU
		{E296333C-B83E-4033-9AFE-213F456660FA}.Debug|Any CPU.Build.0 = Debug|Any CPU
		{E296333C-B83E-4033-9AFE-213F456660FA}.Release|Any CPU.ActiveCfg = Release|Any CPU
		{E296333C-B83E-4033-9AFE-213F456660FA}.Release|Any CPU.Build.0 = Release|Any CPU
		{659407B7-6E51-4AC4-8708-DC4E57D73192}.Debug|Any CPU.ActiveCfg = Debug|Any CPU
		{659407B7-6E51-4AC4-8708-DC4E57D73192}.Debug|Any CPU.Build.0 = Debug|Any CPU
		{659407B7-6E51-4AC4-8708-DC4E57D73192}.Release|Any CPU.ActiveCfg = Release|Any CPU
		{659407B7-6E51-4AC4-8708-DC4E57D73192}.Release|Any CPU.Build.0 = Release|Any CPU
		{D8C7305B-341F-4095-9321-518A2736369D}.Debug|Any CPU.ActiveCfg = Debug|Any CPU
		{D8C7305B-341F-4095-9321-518A2736369D}.Debug|Any CPU.Build.0 = Debug|Any CPU
		{D8C7305B-341F-4095-9321-518A2736369D}.Release|Any CPU.ActiveCfg = Release|Any CPU
		{D8C7305B-341F-4095-9321-518A2736369D}.Release|Any CPU.Build.0 = Release|Any CPU
		{44A004CD-E537-4254-BBD0-3042155FB05D}.Debug|Any CPU.ActiveCfg = Debug|Any CPU
		{44A004CD-E537-4254-BBD0-3042155FB05D}.Debug|Any CPU.Build.0 = Debug|Any CPU
		{44A004CD-E537-4254-BBD0-3042155FB05D}.Release|Any CPU.ActiveCfg = Release|Any CPU
		{44A004CD-E537-4254-BBD0-3042155FB05D}.Release|Any CPU.Build.0 = Release|Any CPU
		{9A979084-4EA9-4F01-AFCE-60E321751F2B}.Debug|Any CPU.ActiveCfg = Debug|Any CPU
		{9A979084-4EA9-4F01-AFCE-60E321751F2B}.Debug|Any CPU.Build.0 = Debug|Any CPU
		{9A979084-4EA9-4F01-AFCE-60E321751F2B}.Release|Any CPU.ActiveCfg = Release|Any CPU
		{9A979084-4EA9-4F01-AFCE-60E321751F2B}.Release|Any CPU.Build.0 = Release|Any CPU
	EndGlobalSection
	GlobalSection(SolutionProperties) = preSolution
		HideSolutionNode = FALSE
	EndGlobalSection
	GlobalSection(ExtensibilityGlobals) = postSolution
		SolutionGuid = {49C9BD95-9C92-4DE3-845D-7EE4C37FD37C}
	EndGlobalSection
EndGlobal
